// !$*UTF8*$!
{
	archiveVersion = 1;
	classes = {
	};
	objectVersion = 50;
	objects = {

/* Begin PBXBuildFile section */
		371D934A21347CDD00DD3EF4 /* BeingAge.swift in Sources */ = {isa = PBXBuildFile; fileRef = 371D934921347CDD00DD3EF4 /* BeingAge.swift */; };
		371F4393213DA0E0006BC38F /* Army.swift in Sources */ = {isa = PBXBuildFile; fileRef = 371F4392213DA0E0006BC38F /* Army.swift */; };
		371F4395213DA2DC006BC38F /* BattleFieldLocation.swift in Sources */ = {isa = PBXBuildFile; fileRef = 371F4394213DA2DC006BC38F /* BattleFieldLocation.swift */; };
		371F4397213DA5D1006BC38F /* BattleField.swift in Sources */ = {isa = PBXBuildFile; fileRef = 371F4396213DA5D1006BC38F /* BattleField.swift */; };
		37271A3A2121F7B0006FDB5F /* main.swift in Sources */ = {isa = PBXBuildFile; fileRef = 37271A392121F7B0006FDB5F /* main.swift */; };
		37271A3F2121F7CF006FDB5F /* BeingProtocol.swift in Sources */ = {isa = PBXBuildFile; fileRef = 37271A3E2121F7CF006FDB5F /* BeingProtocol.swift */; };
		37271A412121F7FB006FDB5F /* Speaking.swift in Sources */ = {isa = PBXBuildFile; fileRef = 37271A402121F7FB006FDB5F /* Speaking.swift */; };
		37271A432121F889006FDB5F /* Living.swift in Sources */ = {isa = PBXBuildFile; fileRef = 37271A422121F889006FDB5F /* Living.swift */; };
		37271A452121F8D1006FDB5F /* Random.swift in Sources */ = {isa = PBXBuildFile; fileRef = 37271A442121F8D1006FDB5F /* Random.swift */; };
		37271A472121F8F7006FDB5F /* BeingGender.swift in Sources */ = {isa = PBXBuildFile; fileRef = 374A174B2113004800934C45 /* BeingGender.swift */; };
		37271A492121F8FC006FDB5F /* BeingGender.swift in Sources */ = {isa = PBXBuildFile; fileRef = 37271A482121F8FC006FDB5F /* BeingGender.swift */; };
		37271A4C2121F9B7006FDB5F /* BeingClass.swift in Sources */ = {isa = PBXBuildFile; fileRef = 37271A4A2121F9B7006FDB5F /* BeingClass.swift */; };
		37271A4D2121F9B7006FDB5F /* BeingStruct.swift in Sources */ = {isa = PBXBuildFile; fileRef = 37271A4B2121F9B7006FDB5F /* BeingStruct.swift */; };
		37271A4F2121FFA7006FDB5F /* Creating.swift in Sources */ = {isa = PBXBuildFile; fileRef = 37271A4E2121FFA7006FDB5F /* Creating.swift */; };
		372A2CF12132AE0400A9FB47 /* ConsoleView.swift in Sources */ = {isa = PBXBuildFile; fileRef = 372A2CF02132AE0400A9FB47 /* ConsoleView.swift */; };
		372A2D062132E59400A9FB47 /* GameController.swift in Sources */ = {isa = PBXBuildFile; fileRef = 372A2D052132E59400A9FB47 /* GameController.swift */; };
		372A2D092132F5F400A9FB47 /* BeingFactory.swift in Sources */ = {isa = PBXBuildFile; fileRef = 372A2D082132F5F400A9FB47 /* BeingFactory.swift */; };
		3730ABE5212C925600423E5B /* main.swift in Sources */ = {isa = PBXBuildFile; fileRef = 3730ABE4212C925600423E5B /* main.swift */; };
		3730ABEA212C99A700423E5B /* Application.swift in Sources */ = {isa = PBXBuildFile; fileRef = 3730ABE9212C99A700423E5B /* Application.swift */; };
		3730ABEC212C9C6100423E5B /* AppDelegate.swift in Sources */ = {isa = PBXBuildFile; fileRef = 3730ABEB212C9C6100423E5B /* AppDelegate.swift */; };
		374A17452112FF6400934C45 /* main.swift in Sources */ = {isa = PBXBuildFile; fileRef = 374A17442112FF6400934C45 /* main.swift */; };
		374A174A2112FFB400934C45 /* BeingStruct.swift in Sources */ = {isa = PBXBuildFile; fileRef = 374A17492112FFB400934C45 /* BeingStruct.swift */; };
		376BC4E92108618A00AF8E20 /* main.swift in Sources */ = {isa = PBXBuildFile; fileRef = 376BC4E82108618A00AF8E20 /* main.swift */; };
		376E7BAC212CB4E300C9B177 /* Tribe.swift in Sources */ = {isa = PBXBuildFile; fileRef = 376E7BAB212CB4E300C9B177 /* Tribe.swift */; };
		376E7BAE212CB59800C9B177 /* Random.swift in Sources */ = {isa = PBXBuildFile; fileRef = 376E7BAD212CB59800C9B177 /* Random.swift */; };
		376E7BB0212CB5DA00C9B177 /* BeingGender.swift in Sources */ = {isa = PBXBuildFile; fileRef = 376E7BAF212CB5DA00C9B177 /* BeingGender.swift */; };
		376E7BB4212CB7AA00C9B177 /* BeingProtocol.swift in Sources */ = {isa = PBXBuildFile; fileRef = 376E7BB3212CB7AA00C9B177 /* BeingProtocol.swift */; };
		376E7BB8212CB7CF00C9B177 /* Living.swift in Sources */ = {isa = PBXBuildFile; fileRef = 376E7BB5212CB7CF00C9B177 /* Living.swift */; };
		376E7BB9212CB7CF00C9B177 /* Speaking.swift in Sources */ = {isa = PBXBuildFile; fileRef = 376E7BB6212CB7CF00C9B177 /* Speaking.swift */; };
		376E7BBA212CB7CF00C9B177 /* Creating.swift in Sources */ = {isa = PBXBuildFile; fileRef = 376E7BB7212CB7CF00C9B177 /* Creating.swift */; };
		376E7BBC212CB7D600C9B177 /* BeingClass.swift in Sources */ = {isa = PBXBuildFile; fileRef = 376E7BBB212CB7D600C9B177 /* BeingClass.swift */; };
		376E7BBE212CB7DA00C9B177 /* BeingStruct.swift in Sources */ = {isa = PBXBuildFile; fileRef = 376E7BBD212CB7DA00C9B177 /* BeingStruct.swift */; };
		376E7BC1212CB91600C9B177 /* ControllerProtocol.swift in Sources */ = {isa = PBXBuildFile; fileRef = 376E7BC0212CB91600C9B177 /* ControllerProtocol.swift */; };
		376E7BC3212CBA0400C9B177 /* WelcomeScreenController.swift in Sources */ = {isa = PBXBuildFile; fileRef = 376E7BC2212CBA0400C9B177 /* WelcomeScreenController.swift */; };
		377B2FE221410B9B002369B4 /* WarriorProtocol.swift in Sources */ = {isa = PBXBuildFile; fileRef = 377B2FE121410B9B002369B4 /* WarriorProtocol.swift */; };
		377CA1C12111BF3F009ACA64 /* main.swift in Sources */ = {isa = PBXBuildFile; fileRef = 377CA1C02111BF3F009ACA64 /* main.swift */; };
		37FE55C82118C35300793F5D /* Random.swift in Sources */ = {isa = PBXBuildFile; fileRef = 37FE55C72118C35300793F5D /* Random.swift */; };
		37FE55CA2118CE6800793F5D /* BeingProtocol.swift in Sources */ = {isa = PBXBuildFile; fileRef = 37FE55C92118CE6800793F5D /* BeingProtocol.swift */; };
		37FE55CC2118D3E100793F5D /* BeingClass.swift in Sources */ = {isa = PBXBuildFile; fileRef = 37FE55CB2118D3E100793F5D /* BeingClass.swift */; };
		37FE55CE2118D92300793F5D /* Speak.swift in Sources */ = {isa = PBXBuildFile; fileRef = 37FE55CD2118D92300793F5D /* Speak.swift */; };
		37FE55D02118DE8A00793F5D /* LifeCicle.swift in Sources */ = {isa = PBXBuildFile; fileRef = 37FE55CF2118DE8A00793F5D /* LifeCicle.swift */; };
/* End PBXBuildFile section */

/* Begin PBXCopyFilesBuildPhase section */
		37271A352121F7B0006FDB5F /* CopyFiles */ = {
			isa = PBXCopyFilesBuildPhase;
			buildActionMask = 2147483647;
			dstPath = /usr/share/man/man1/;
			dstSubfolderSpec = 0;
			files = (
			);
			runOnlyForDeploymentPostprocessing = 1;
		};
		3730ABE0212C925600423E5B /* CopyFiles */ = {
			isa = PBXCopyFilesBuildPhase;
			buildActionMask = 2147483647;
			dstPath = /usr/share/man/man1/;
			dstSubfolderSpec = 0;
			files = (
			);
			runOnlyForDeploymentPostprocessing = 1;
		};
		374A17402112FF6300934C45 /* CopyFiles */ = {
			isa = PBXCopyFilesBuildPhase;
			buildActionMask = 2147483647;
			dstPath = /usr/share/man/man1/;
			dstSubfolderSpec = 0;
			files = (
			);
			runOnlyForDeploymentPostprocessing = 1;
		};
		376BC4E42108618A00AF8E20 /* CopyFiles */ = {
			isa = PBXCopyFilesBuildPhase;
			buildActionMask = 2147483647;
			dstPath = /usr/share/man/man1/;
			dstSubfolderSpec = 0;
			files = (
			);
			runOnlyForDeploymentPostprocessing = 1;
		};
		377CA1BC2111BF3F009ACA64 /* CopyFiles */ = {
			isa = PBXCopyFilesBuildPhase;
			buildActionMask = 2147483647;
			dstPath = /usr/share/man/man1/;
			dstSubfolderSpec = 0;
			files = (
			);
			runOnlyForDeploymentPostprocessing = 1;
		};
/* End PBXCopyFilesBuildPhase section */

/* Begin PBXFileReference section */
		371D934921347CDD00DD3EF4 /* BeingAge.swift */ = {isa = PBXFileReference; lastKnownFileType = sourcecode.swift; path = BeingAge.swift; sourceTree = "<group>"; };
		371F4392213DA0E0006BC38F /* Army.swift */ = {isa = PBXFileReference; lastKnownFileType = sourcecode.swift; path = Army.swift; sourceTree = "<group>"; };
		371F4394213DA2DC006BC38F /* BattleFieldLocation.swift */ = {isa = PBXFileReference; lastKnownFileType = sourcecode.swift; path = BattleFieldLocation.swift; sourceTree = "<group>"; };
		371F4396213DA5D1006BC38F /* BattleField.swift */ = {isa = PBXFileReference; lastKnownFileType = sourcecode.swift; path = BattleField.swift; sourceTree = "<group>"; };
		37271A372121F7B0006FDB5F /* Being2 */ = {isa = PBXFileReference; explicitFileType = "compiled.mach-o.executable"; includeInIndex = 0; path = Being2; sourceTree = BUILT_PRODUCTS_DIR; };
		37271A392121F7B0006FDB5F /* main.swift */ = {isa = PBXFileReference; lastKnownFileType = sourcecode.swift; path = main.swift; sourceTree = "<group>"; };
		37271A3E2121F7CF006FDB5F /* BeingProtocol.swift */ = {isa = PBXFileReference; lastKnownFileType = sourcecode.swift; path = BeingProtocol.swift; sourceTree = "<group>"; };
		37271A402121F7FB006FDB5F /* Speaking.swift */ = {isa = PBXFileReference; lastKnownFileType = sourcecode.swift; path = Speaking.swift; sourceTree = "<group>"; };
		37271A422121F889006FDB5F /* Living.swift */ = {isa = PBXFileReference; lastKnownFileType = sourcecode.swift; path = Living.swift; sourceTree = "<group>"; };
		37271A442121F8D1006FDB5F /* Random.swift */ = {isa = PBXFileReference; lastKnownFileType = sourcecode.swift; path = Random.swift; sourceTree = "<group>"; };
		37271A482121F8FC006FDB5F /* BeingGender.swift */ = {isa = PBXFileReference; lastKnownFileType = sourcecode.swift; path = BeingGender.swift; sourceTree = "<group>"; };
		37271A4A2121F9B7006FDB5F /* BeingClass.swift */ = {isa = PBXFileReference; lastKnownFileType = sourcecode.swift; path = BeingClass.swift; sourceTree = "<group>"; };
		37271A4B2121F9B7006FDB5F /* BeingStruct.swift */ = {isa = PBXFileReference; lastKnownFileType = sourcecode.swift; path = BeingStruct.swift; sourceTree = "<group>"; };
		37271A4E2121FFA7006FDB5F /* Creating.swift */ = {isa = PBXFileReference; lastKnownFileType = sourcecode.swift; path = Creating.swift; sourceTree = "<group>"; };
		372A2CF02132AE0400A9FB47 /* ConsoleView.swift */ = {isa = PBXFileReference; lastKnownFileType = sourcecode.swift; path = ConsoleView.swift; sourceTree = "<group>"; };
		372A2D052132E59400A9FB47 /* GameController.swift */ = {isa = PBXFileReference; lastKnownFileType = sourcecode.swift; path = GameController.swift; sourceTree = "<group>"; };
		372A2D082132F5F400A9FB47 /* BeingFactory.swift */ = {isa = PBXFileReference; lastKnownFileType = sourcecode.swift; path = BeingFactory.swift; sourceTree = "<group>"; };
		3730ABE2212C925600423E5B /* WarOfBeing */ = {isa = PBXFileReference; explicitFileType = "compiled.mach-o.executable"; includeInIndex = 0; path = WarOfBeing; sourceTree = BUILT_PRODUCTS_DIR; };
		3730ABE4212C925600423E5B /* main.swift */ = {isa = PBXFileReference; lastKnownFileType = sourcecode.swift; path = main.swift; sourceTree = "<group>"; };
		3730ABE9212C99A700423E5B /* Application.swift */ = {isa = PBXFileReference; lastKnownFileType = sourcecode.swift; path = Application.swift; sourceTree = "<group>"; };
		3730ABEB212C9C6100423E5B /* AppDelegate.swift */ = {isa = PBXFileReference; lastKnownFileType = sourcecode.swift; path = AppDelegate.swift; sourceTree = "<group>"; };
		374A17422112FF6300934C45 /* Being */ = {isa = PBXFileReference; explicitFileType = "compiled.mach-o.executable"; includeInIndex = 0; path = Being; sourceTree = BUILT_PRODUCTS_DIR; };
		374A17442112FF6400934C45 /* main.swift */ = {isa = PBXFileReference; lastKnownFileType = sourcecode.swift; path = main.swift; sourceTree = "<group>"; };
		374A17492112FFB400934C45 /* BeingStruct.swift */ = {isa = PBXFileReference; lastKnownFileType = sourcecode.swift; path = BeingStruct.swift; sourceTree = "<group>"; };
		374A174B2113004800934C45 /* BeingGender.swift */ = {isa = PBXFileReference; lastKnownFileType = sourcecode.swift; path = BeingGender.swift; sourceTree = "<group>"; };
		37587FB2215BBCD100988CDD /* DSC_0017.JPG */ = {isa = PBXFileReference; lastKnownFileType = image.jpeg; path = DSC_0017.JPG; sourceTree = SOURCE_ROOT; };
		37587FB3215BBCD100988CDD /* DSC_0016.JPG */ = {isa = PBXFileReference; lastKnownFileType = image.jpeg; path = DSC_0016.JPG; sourceTree = SOURCE_ROOT; };
		376BC4E62108618A00AF8E20 /* FizzBuzz */ = {isa = PBXFileReference; explicitFileType = "compiled.mach-o.executable"; includeInIndex = 0; path = FizzBuzz; sourceTree = BUILT_PRODUCTS_DIR; };
		376BC4E82108618A00AF8E20 /* main.swift */ = {isa = PBXFileReference; lastKnownFileType = sourcecode.swift; path = main.swift; sourceTree = "<group>"; };
		376E7BAB212CB4E300C9B177 /* Tribe.swift */ = {isa = PBXFileReference; lastKnownFileType = sourcecode.swift; path = Tribe.swift; sourceTree = "<group>"; };
		376E7BAD212CB59800C9B177 /* Random.swift */ = {isa = PBXFileReference; lastKnownFileType = sourcecode.swift; path = Random.swift; sourceTree = "<group>"; };
		376E7BAF212CB5DA00C9B177 /* BeingGender.swift */ = {isa = PBXFileReference; lastKnownFileType = sourcecode.swift; path = BeingGender.swift; sourceTree = "<group>"; };
		376E7BB3212CB7AA00C9B177 /* BeingProtocol.swift */ = {isa = PBXFileReference; lastKnownFileType = sourcecode.swift; path = BeingProtocol.swift; sourceTree = "<group>"; };
		376E7BB5212CB7CF00C9B177 /* Living.swift */ = {isa = PBXFileReference; lastKnownFileType = sourcecode.swift; path = Living.swift; sourceTree = "<group>"; };
		376E7BB6212CB7CF00C9B177 /* Speaking.swift */ = {isa = PBXFileReference; lastKnownFileType = sourcecode.swift; path = Speaking.swift; sourceTree = "<group>"; };
		376E7BB7212CB7CF00C9B177 /* Creating.swift */ = {isa = PBXFileReference; lastKnownFileType = sourcecode.swift; path = Creating.swift; sourceTree = "<group>"; };
		376E7BBB212CB7D600C9B177 /* BeingClass.swift */ = {isa = PBXFileReference; lastKnownFileType = sourcecode.swift; path = BeingClass.swift; sourceTree = "<group>"; };
		376E7BBD212CB7DA00C9B177 /* BeingStruct.swift */ = {isa = PBXFileReference; lastKnownFileType = sourcecode.swift; path = BeingStruct.swift; sourceTree = "<group>"; };
		376E7BC0212CB91600C9B177 /* ControllerProtocol.swift */ = {isa = PBXFileReference; lastKnownFileType = sourcecode.swift; path = ControllerProtocol.swift; sourceTree = "<group>"; };
		376E7BC2212CBA0400C9B177 /* WelcomeScreenController.swift */ = {isa = PBXFileReference; lastKnownFileType = sourcecode.swift; path = WelcomeScreenController.swift; sourceTree = "<group>"; };
		377B2FE121410B9B002369B4 /* WarriorProtocol.swift */ = {isa = PBXFileReference; lastKnownFileType = sourcecode.swift; path = WarriorProtocol.swift; sourceTree = "<group>"; };
		377CA1BE2111BF3F009ACA64 /* BitNumbers */ = {isa = PBXFileReference; explicitFileType = "compiled.mach-o.executable"; includeInIndex = 0; path = BitNumbers; sourceTree = BUILT_PRODUCTS_DIR; };
		377CA1C02111BF3F009ACA64 /* main.swift */ = {isa = PBXFileReference; lastKnownFileType = sourcecode.swift; path = main.swift; sourceTree = "<group>"; };
		37FE55C72118C35300793F5D /* Random.swift */ = {isa = PBXFileReference; lastKnownFileType = sourcecode.swift; path = Random.swift; sourceTree = "<group>"; };
		37FE55C92118CE6800793F5D /* BeingProtocol.swift */ = {isa = PBXFileReference; lastKnownFileType = sourcecode.swift; path = BeingProtocol.swift; sourceTree = "<group>"; };
		37FE55CB2118D3E100793F5D /* BeingClass.swift */ = {isa = PBXFileReference; lastKnownFileType = sourcecode.swift; path = BeingClass.swift; sourceTree = "<group>"; };
		37FE55CD2118D92300793F5D /* Speak.swift */ = {isa = PBXFileReference; lastKnownFileType = sourcecode.swift; path = Speak.swift; sourceTree = "<group>"; };
		37FE55CF2118DE8A00793F5D /* LifeCicle.swift */ = {isa = PBXFileReference; lastKnownFileType = sourcecode.swift; path = LifeCicle.swift; sourceTree = "<group>"; };
/* End PBXFileReference section */

/* Begin PBXFrameworksBuildPhase section */
		37271A342121F7B0006FDB5F /* Frameworks */ = {
			isa = PBXFrameworksBuildPhase;
			buildActionMask = 2147483647;
			files = (
			);
			runOnlyForDeploymentPostprocessing = 0;
		};
		3730ABDF212C925600423E5B /* Frameworks */ = {
			isa = PBXFrameworksBuildPhase;
			buildActionMask = 2147483647;
			files = (
			);
			runOnlyForDeploymentPostprocessing = 0;
		};
		374A173F2112FF6300934C45 /* Frameworks */ = {
			isa = PBXFrameworksBuildPhase;
			buildActionMask = 2147483647;
			files = (
			);
			runOnlyForDeploymentPostprocessing = 0;
		};
		376BC4E32108618A00AF8E20 /* Frameworks */ = {
			isa = PBXFrameworksBuildPhase;
			buildActionMask = 2147483647;
			files = (
			);
			runOnlyForDeploymentPostprocessing = 0;
		};
		377CA1BB2111BF3F009ACA64 /* Frameworks */ = {
			isa = PBXFrameworksBuildPhase;
			buildActionMask = 2147483647;
			files = (
			);
			runOnlyForDeploymentPostprocessing = 0;
		};
/* End PBXFrameworksBuildPhase section */

/* Begin PBXGroup section */
		37271A382121F7B0006FDB5F /* Being2 */ = {
			isa = PBXGroup;
			children = (
				37271A4A2121F9B7006FDB5F /* BeingClass.swift */,
				37271A482121F8FC006FDB5F /* BeingGender.swift */,
				37271A3E2121F7CF006FDB5F /* BeingProtocol.swift */,
				37271A4B2121F9B7006FDB5F /* BeingStruct.swift */,
				37271A422121F889006FDB5F /* Living.swift */,
				37271A392121F7B0006FDB5F /* main.swift */,
				37271A442121F8D1006FDB5F /* Random.swift */,
				37271A402121F7FB006FDB5F /* Speaking.swift */,
				37271A4E2121FFA7006FDB5F /* Creating.swift */,
			);
			path = Being2;
			sourceTree = "<group>";
		};
		372A2D072132F5D900A9FB47 /* Support */ = {
			isa = PBXGroup;
			children = (
				372A2D082132F5F400A9FB47 /* BeingFactory.swift */,
			);
			path = Support;
			sourceTree = "<group>";
		};
		3730ABE3212C925600423E5B /* WarOfBeing */ = {
			isa = PBXGroup;
			children = (
				37587FB3215BBCD100988CDD /* DSC_0016.JPG */,
				37587FB2215BBCD100988CDD /* DSC_0017.JPG */,
				372A2D072132F5D900A9FB47 /* Support */,
				376E7BBF212CB8F600C9B177 /* Controllers */,
				376E7BB1212CB5EE00C9B177 /* AppSupport */,
				376E7BB2212CB60E00C9B177 /* Models */,
				372A2CF02132AE0400A9FB47 /* ConsoleView.swift */,
			);
			path = WarOfBeing;
			sourceTree = "<group>";
		};
		374A17432112FF6400934C45 /* Being */ = {
			isa = PBXGroup;
			children = (
				37FE55CB2118D3E100793F5D /* BeingClass.swift */,
				37FE55C92118CE6800793F5D /* BeingProtocol.swift */,
				374A17492112FFB400934C45 /* BeingStruct.swift */,
				37FE55CF2118DE8A00793F5D /* LifeCicle.swift */,
				374A17442112FF6400934C45 /* main.swift */,
				374A174B2113004800934C45 /* BeingGender.swift */,
				37FE55C72118C35300793F5D /* Random.swift */,
				37FE55CD2118D92300793F5D /* Speak.swift */,
			);
			path = Being;
			sourceTree = "<group>";
		};
		376BC4CF2108606700AF8E20 = {
			isa = PBXGroup;
			children = (
				376BC4E72108618A00AF8E20 /* FizzBuzz */,
				377CA1BF2111BF3F009ACA64 /* BitNumbers */,
				374A17432112FF6400934C45 /* Being */,
				37271A382121F7B0006FDB5F /* Being2 */,
				3730ABE3212C925600423E5B /* WarOfBeing */,
				376BC4D92108606700AF8E20 /* Products */,
			);
			sourceTree = "<group>";
		};
		376BC4D92108606700AF8E20 /* Products */ = {
			isa = PBXGroup;
			children = (
				376BC4E62108618A00AF8E20 /* FizzBuzz */,
				377CA1BE2111BF3F009ACA64 /* BitNumbers */,
				374A17422112FF6300934C45 /* Being */,
				37271A372121F7B0006FDB5F /* Being2 */,
				3730ABE2212C925600423E5B /* WarOfBeing */,
			);
			name = Products;
			sourceTree = "<group>";
		};
		376BC4E72108618A00AF8E20 /* FizzBuzz */ = {
			isa = PBXGroup;
			children = (
				376BC4E82108618A00AF8E20 /* main.swift */,
			);
			path = FizzBuzz;
			sourceTree = "<group>";
		};
		376E7BB1212CB5EE00C9B177 /* AppSupport */ = {
			isa = PBXGroup;
			children = (
				3730ABEB212C9C6100423E5B /* AppDelegate.swift */,
				3730ABE9212C99A700423E5B /* Application.swift */,
				3730ABE4212C925600423E5B /* main.swift */,
			);
			path = AppSupport;
			sourceTree = "<group>";
		};
		376E7BB2212CB60E00C9B177 /* Models */ = {
			isa = PBXGroup;
			children = (
				376E7BBD212CB7DA00C9B177 /* BeingStruct.swift */,
				376E7BBB212CB7D600C9B177 /* BeingClass.swift */,
				376E7BB5212CB7CF00C9B177 /* Living.swift */,
				376E7BB6212CB7CF00C9B177 /* Speaking.swift */,
				376E7BB7212CB7CF00C9B177 /* Creating.swift */,
				376E7BB3212CB7AA00C9B177 /* BeingProtocol.swift */,
				376E7BAD212CB59800C9B177 /* Random.swift */,
				376E7BAF212CB5DA00C9B177 /* BeingGender.swift */,
				376E7BAB212CB4E300C9B177 /* Tribe.swift */,
				371D934921347CDD00DD3EF4 /* BeingAge.swift */,
				371F4392213DA0E0006BC38F /* Army.swift */,
				371F4394213DA2DC006BC38F /* BattleFieldLocation.swift */,
				371F4396213DA5D1006BC38F /* BattleField.swift */,
				377B2FE121410B9B002369B4 /* WarriorProtocol.swift */,
			);
			path = Models;
			sourceTree = "<group>";
		};
		376E7BBF212CB8F600C9B177 /* Controllers */ = {
			isa = PBXGroup;
			children = (
				376E7BC0212CB91600C9B177 /* ControllerProtocol.swift */,
				376E7BC2212CBA0400C9B177 /* WelcomeScreenController.swift */,
				372A2D052132E59400A9FB47 /* GameController.swift */,
			);
			path = Controllers;
			sourceTree = "<group>";
		};
		377CA1BF2111BF3F009ACA64 /* BitNumbers */ = {
			isa = PBXGroup;
			children = (
				377CA1C02111BF3F009ACA64 /* main.swift */,
			);
			path = BitNumbers;
			sourceTree = "<group>";
		};
/* End PBXGroup section */

/* Begin PBXNativeTarget section */
		37271A362121F7B0006FDB5F /* Being2 */ = {
			isa = PBXNativeTarget;
			buildConfigurationList = 37271A3B2121F7B0006FDB5F /* Build configuration list for PBXNativeTarget "Being2" */;
			buildPhases = (
				37271A332121F7B0006FDB5F /* Sources */,
				37271A342121F7B0006FDB5F /* Frameworks */,
				37271A352121F7B0006FDB5F /* CopyFiles */,
			);
			buildRules = (
			);
			dependencies = (
			);
			name = Being2;
			productName = Being2;
			productReference = 37271A372121F7B0006FDB5F /* Being2 */;
			productType = "com.apple.product-type.tool";
		};
		3730ABE1212C925600423E5B /* WarOfBeing */ = {
			isa = PBXNativeTarget;
			buildConfigurationList = 3730ABE8212C925600423E5B /* Build configuration list for PBXNativeTarget "WarOfBeing" */;
			buildPhases = (
				3730ABDE212C925600423E5B /* Sources */,
				3730ABDF212C925600423E5B /* Frameworks */,
				3730ABE0212C925600423E5B /* CopyFiles */,
			);
			buildRules = (
			);
			dependencies = (
			);
			name = WarOfBeing;
			productName = WarOrBeing;
			productReference = 3730ABE2212C925600423E5B /* WarOfBeing */;
			productType = "com.apple.product-type.tool";
		};
		374A17412112FF6300934C45 /* Being */ = {
			isa = PBXNativeTarget;
			buildConfigurationList = 374A17482112FF6400934C45 /* Build configuration list for PBXNativeTarget "Being" */;
			buildPhases = (
				374A173E2112FF6300934C45 /* Sources */,
				374A173F2112FF6300934C45 /* Frameworks */,
				374A17402112FF6300934C45 /* CopyFiles */,
			);
			buildRules = (
			);
			dependencies = (
			);
			name = Being;
			productName = Being;
			productReference = 374A17422112FF6300934C45 /* Being */;
			productType = "com.apple.product-type.tool";
		};
		376BC4E52108618A00AF8E20 /* FizzBuzz */ = {
			isa = PBXNativeTarget;
			buildConfigurationList = 376BC4EA2108618A00AF8E20 /* Build configuration list for PBXNativeTarget "FizzBuzz" */;
			buildPhases = (
				376BC4E22108618A00AF8E20 /* Sources */,
				376BC4E32108618A00AF8E20 /* Frameworks */,
				376BC4E42108618A00AF8E20 /* CopyFiles */,
			);
			buildRules = (
			);
			dependencies = (
			);
			name = FizzBuzz;
			productName = FizzBuzz;
			productReference = 376BC4E62108618A00AF8E20 /* FizzBuzz */;
			productType = "com.apple.product-type.tool";
		};
		377CA1BD2111BF3F009ACA64 /* BitNumbers */ = {
			isa = PBXNativeTarget;
			buildConfigurationList = 377CA1C42111BF3F009ACA64 /* Build configuration list for PBXNativeTarget "BitNumbers" */;
			buildPhases = (
				377CA1BA2111BF3F009ACA64 /* Sources */,
				377CA1BB2111BF3F009ACA64 /* Frameworks */,
				377CA1BC2111BF3F009ACA64 /* CopyFiles */,
			);
			buildRules = (
			);
			dependencies = (
			);
			name = BitNumbers;
			productName = BitNumbers;
			productReference = 377CA1BE2111BF3F009ACA64 /* BitNumbers */;
			productType = "com.apple.product-type.tool";
		};
/* End PBXNativeTarget section */

/* Begin PBXProject section */
		376BC4D02108606700AF8E20 /* Project object */ = {
			isa = PBXProject;
			attributes = {
				LastSwiftUpdateCheck = 0940;
				LastUpgradeCheck = 0940;
				ORGANIZATIONNAME = "Dima Manyahin";
				TargetAttributes = {
					37271A362121F7B0006FDB5F = {
						CreatedOnToolsVersion = 9.4.1;
					};
					3730ABE1212C925600423E5B = {
						CreatedOnToolsVersion = 9.4.1;
					};
					374A17412112FF6300934C45 = {
						CreatedOnToolsVersion = 9.4.1;
					};
					376BC4E52108618A00AF8E20 = {
						CreatedOnToolsVersion = 9.4.1;
					};
					377CA1BD2111BF3F009ACA64 = {
						CreatedOnToolsVersion = 9.4.1;
					};
				};
			};
			buildConfigurationList = 376BC4D32108606700AF8E20 /* Build configuration list for PBXProject "SwiftLabs" */;
			compatibilityVersion = "Xcode 9.3";
			developmentRegion = en;
			hasScannedForEncodings = 0;
			knownRegions = (
				en,
			);
			mainGroup = 376BC4CF2108606700AF8E20;
			productRefGroup = 376BC4D92108606700AF8E20 /* Products */;
			projectDirPath = "";
			projectRoot = "";
			targets = (
				376BC4E52108618A00AF8E20 /* FizzBuzz */,
				377CA1BD2111BF3F009ACA64 /* BitNumbers */,
				374A17412112FF6300934C45 /* Being */,
				37271A362121F7B0006FDB5F /* Being2 */,
				3730ABE1212C925600423E5B /* WarOfBeing */,
			);
		};
/* End PBXProject section */

/* Begin PBXSourcesBuildPhase section */
		37271A332121F7B0006FDB5F /* Sources */ = {
			isa = PBXSourcesBuildPhase;
			buildActionMask = 2147483647;
			files = (
				37271A432121F889006FDB5F /* Living.swift in Sources */,
				37271A3A2121F7B0006FDB5F /* main.swift in Sources */,
				37271A492121F8FC006FDB5F /* BeingGender.swift in Sources */,
				37271A452121F8D1006FDB5F /* Random.swift in Sources */,
				37271A3F2121F7CF006FDB5F /* BeingProtocol.swift in Sources */,
				37271A412121F7FB006FDB5F /* Speaking.swift in Sources */,
				37271A4D2121F9B7006FDB5F /* BeingStruct.swift in Sources */,
				37271A4F2121FFA7006FDB5F /* Creating.swift in Sources */,
				37271A4C2121F9B7006FDB5F /* BeingClass.swift in Sources */,
			);
			runOnlyForDeploymentPostprocessing = 0;
		};
		3730ABDE212C925600423E5B /* Sources */ = {
			isa = PBXSourcesBuildPhase;
			buildActionMask = 2147483647;
			files = (
				376E7BC3212CBA0400C9B177 /* WelcomeScreenController.swift in Sources */,
				371D934A21347CDD00DD3EF4 /* BeingAge.swift in Sources */,
				371F4393213DA0E0006BC38F /* Army.swift in Sources */,
				372A2CF12132AE0400A9FB47 /* ConsoleView.swift in Sources */,
				376E7BB8212CB7CF00C9B177 /* Living.swift in Sources */,
				371F4395213DA2DC006BC38F /* BattleFieldLocation.swift in Sources */,
				376E7BB4212CB7AA00C9B177 /* BeingProtocol.swift in Sources */,
				376E7BAC212CB4E300C9B177 /* Tribe.swift in Sources */,
				377B2FE221410B9B002369B4 /* WarriorProtocol.swift in Sources */,
				3730ABEC212C9C6100423E5B /* AppDelegate.swift in Sources */,
				376E7BB0212CB5DA00C9B177 /* BeingGender.swift in Sources */,
				371F4397213DA5D1006BC38F /* BattleField.swift in Sources */,
				376E7BBC212CB7D600C9B177 /* BeingClass.swift in Sources */,
				376E7BC1212CB91600C9B177 /* ControllerProtocol.swift in Sources */,
				376E7BAE212CB59800C9B177 /* Random.swift in Sources */,
				376E7BBA212CB7CF00C9B177 /* Creating.swift in Sources */,
				372A2D092132F5F400A9FB47 /* BeingFactory.swift in Sources */,
				3730ABEA212C99A700423E5B /* Application.swift in Sources */,
				3730ABE5212C925600423E5B /* main.swift in Sources */,
				372A2D062132E59400A9FB47 /* GameController.swift in Sources */,
				376E7BBE212CB7DA00C9B177 /* BeingStruct.swift in Sources */,
				376E7BB9212CB7CF00C9B177 /* Speaking.swift in Sources */,
			);
			runOnlyForDeploymentPostprocessing = 0;
		};
		374A173E2112FF6300934C45 /* Sources */ = {
			isa = PBXSourcesBuildPhase;
			buildActionMask = 2147483647;
			files = (
				37FE55C82118C35300793F5D /* Random.swift in Sources */,
				37FE55CE2118D92300793F5D /* Speak.swift in Sources */,
				37FE55D02118DE8A00793F5D /* LifeCicle.swift in Sources */,
				37FE55CA2118CE6800793F5D /* BeingProtocol.swift in Sources */,
				37FE55CC2118D3E100793F5D /* BeingClass.swift in Sources */,
				374A174A2112FFB400934C45 /* BeingStruct.swift in Sources */,
				37271A472121F8F7006FDB5F /* BeingGender.swift in Sources */,
				374A17452112FF6400934C45 /* main.swift in Sources */,
			);
			runOnlyForDeploymentPostprocessing = 0;
		};
		376BC4E22108618A00AF8E20 /* Sources */ = {
			isa = PBXSourcesBuildPhase;
			buildActionMask = 2147483647;
			files = (
				376BC4E92108618A00AF8E20 /* main.swift in Sources */,
			);
			runOnlyForDeploymentPostprocessing = 0;
		};
		377CA1BA2111BF3F009ACA64 /* Sources */ = {
			isa = PBXSourcesBuildPhase;
			buildActionMask = 2147483647;
			files = (
				377CA1C12111BF3F009ACA64 /* main.swift in Sources */,
			);
			runOnlyForDeploymentPostprocessing = 0;
		};
/* End PBXSourcesBuildPhase section */

/* Begin XCBuildConfiguration section */
		37271A3C2121F7B0006FDB5F /* Debug */ = {
			isa = XCBuildConfiguration;
			buildSettings = {
				CODE_SIGN_STYLE = Automatic;
				PRODUCT_NAME = "$(TARGET_NAME)";
				SWIFT_VERSION = 4.0;
			};
			name = Debug;
		};
		37271A3D2121F7B0006FDB5F /* Release */ = {
			isa = XCBuildConfiguration;
			buildSettings = {
				CODE_SIGN_STYLE = Automatic;
				PRODUCT_NAME = "$(TARGET_NAME)";
				SWIFT_VERSION = 4.0;
			};
			name = Release;
		};
		3730ABE6212C925600423E5B /* Debug */ = {
			isa = XCBuildConfiguration;
			buildSettings = {
				CODE_SIGN_STYLE = Automatic;
				PRODUCT_NAME = "$(TARGET_NAME)";
				SWIFT_VERSION = 4.0;
			};
			name = Debug;
		};
		3730ABE7212C925600423E5B /* Release */ = {
			isa = XCBuildConfiguration;
			buildSettings = {
				CODE_SIGN_STYLE = Automatic;
				PRODUCT_NAME = "$(TARGET_NAME)";
				SWIFT_VERSION = 4.0;
			};
			name = Release;
		};
		374A17462112FF6400934C45 /* Debug */ = {
			isa = XCBuildConfiguration;
			buildSettings = {
				CODE_SIGN_STYLE = Automatic;
				PRODUCT_NAME = "$(TARGET_NAME)";
				SWIFT_VERSION = 4.0;
			};
			name = Debug;
		};
		374A17472112FF6400934C45 /* Release */ = {
			isa = XCBuildConfiguration;
			buildSettings = {
				CODE_SIGN_STYLE = Automatic;
				PRODUCT_NAME = "$(TARGET_NAME)";
				SWIFT_VERSION = 4.0;
			};
			name = Release;
		};
		376BC4DD2108606700AF8E20 /* Debug */ = {
			isa = XCBuildConfiguration;
			buildSettings = {
				ALWAYS_SEARCH_USER_PATHS = NO;
				CLANG_ANALYZER_NONNULL = YES;
				CLANG_ANALYZER_NUMBER_OBJECT_CONVERSION = YES_AGGRESSIVE;
				CLANG_CXX_LANGUAGE_STANDARD = "gnu++14";
				CLANG_CXX_LIBRARY = "libc++";
				CLANG_ENABLE_MODULES = YES;
				CLANG_ENABLE_OBJC_ARC = YES;
				CLANG_ENABLE_OBJC_WEAK = YES;
				CLANG_WARN_BLOCK_CAPTURE_AUTORELEASING = YES;
				CLANG_WARN_BOOL_CONVERSION = YES;
				CLANG_WARN_COMMA = YES;
				CLANG_WARN_CONSTANT_CONVERSION = YES;
				CLANG_WARN_DEPRECATED_OBJC_IMPLEMENTATIONS = YES;
				CLANG_WARN_DIRECT_OBJC_ISA_USAGE = YES_ERROR;
				CLANG_WARN_DOCUMENTATION_COMMENTS = YES;
				CLANG_WARN_EMPTY_BODY = YES;
				CLANG_WARN_ENUM_CONVERSION = YES;
				CLANG_WARN_INFINITE_RECURSION = YES;
				CLANG_WARN_INT_CONVERSION = YES;
				CLANG_WARN_NON_LITERAL_NULL_CONVERSION = YES;
				CLANG_WARN_OBJC_IMPLICIT_RETAIN_SELF = YES;
				CLANG_WARN_OBJC_LITERAL_CONVERSION = YES;
				CLANG_WARN_OBJC_ROOT_CLASS = YES_ERROR;
				CLANG_WARN_RANGE_LOOP_ANALYSIS = YES;
				CLANG_WARN_STRICT_PROTOTYPES = YES;
				CLANG_WARN_SUSPICIOUS_MOVE = YES;
				CLANG_WARN_UNGUARDED_AVAILABILITY = YES_AGGRESSIVE;
				CLANG_WARN_UNREACHABLE_CODE = YES;
				CLANG_WARN__DUPLICATE_METHOD_MATCH = YES;
				CODE_SIGN_IDENTITY = "-";
				COPY_PHASE_STRIP = NO;
				DEBUG_INFORMATION_FORMAT = dwarf;
				ENABLE_STRICT_OBJC_MSGSEND = YES;
				ENABLE_TESTABILITY = YES;
				GCC_C_LANGUAGE_STANDARD = gnu11;
				GCC_DYNAMIC_NO_PIC = NO;
				GCC_NO_COMMON_BLOCKS = YES;
				GCC_OPTIMIZATION_LEVEL = 0;
				GCC_PREPROCESSOR_DEFINITIONS = (
					"DEBUG=1",
					"$(inherited)",
				);
				GCC_WARN_64_TO_32_BIT_CONVERSION = YES;
				GCC_WARN_ABOUT_RETURN_TYPE = YES_ERROR;
				GCC_WARN_UNDECLARED_SELECTOR = YES;
				GCC_WARN_UNINITIALIZED_AUTOS = YES_AGGRESSIVE;
				GCC_WARN_UNUSED_FUNCTION = YES;
				GCC_WARN_UNUSED_VARIABLE = YES;
				MACOSX_DEPLOYMENT_TARGET = 10.13;
				MTL_ENABLE_DEBUG_INFO = YES;
				ONLY_ACTIVE_ARCH = YES;
				SDKROOT = macosx;
				SWIFT_ACTIVE_COMPILATION_CONDITIONS = DEBUG;
				SWIFT_OPTIMIZATION_LEVEL = "-Onone";
			};
			name = Debug;
		};
		376BC4DE2108606700AF8E20 /* Release */ = {
			isa = XCBuildConfiguration;
			buildSettings = {
				ALWAYS_SEARCH_USER_PATHS = NO;
				CLANG_ANALYZER_NONNULL = YES;
				CLANG_ANALYZER_NUMBER_OBJECT_CONVERSION = YES_AGGRESSIVE;
				CLANG_CXX_LANGUAGE_STANDARD = "gnu++14";
				CLANG_CXX_LIBRARY = "libc++";
				CLANG_ENABLE_MODULES = YES;
				CLANG_ENABLE_OBJC_ARC = YES;
				CLANG_ENABLE_OBJC_WEAK = YES;
				CLANG_WARN_BLOCK_CAPTURE_AUTORELEASING = YES;
				CLANG_WARN_BOOL_CONVERSION = YES;
				CLANG_WARN_COMMA = YES;
				CLANG_WARN_CONSTANT_CONVERSION = YES;
				CLANG_WARN_DEPRECATED_OBJC_IMPLEMENTATIONS = YES;
				CLANG_WARN_DIRECT_OBJC_ISA_USAGE = YES_ERROR;
				CLANG_WARN_DOCUMENTATION_COMMENTS = YES;
				CLANG_WARN_EMPTY_BODY = YES;
				CLANG_WARN_ENUM_CONVERSION = YES;
				CLANG_WARN_INFINITE_RECURSION = YES;
				CLANG_WARN_INT_CONVERSION = YES;
				CLANG_WARN_NON_LITERAL_NULL_CONVERSION = YES;
				CLANG_WARN_OBJC_IMPLICIT_RETAIN_SELF = YES;
				CLANG_WARN_OBJC_LITERAL_CONVERSION = YES;
				CLANG_WARN_OBJC_ROOT_CLASS = YES_ERROR;
				CLANG_WARN_RANGE_LOOP_ANALYSIS = YES;
				CLANG_WARN_STRICT_PROTOTYPES = YES;
				CLANG_WARN_SUSPICIOUS_MOVE = YES;
				CLANG_WARN_UNGUARDED_AVAILABILITY = YES_AGGRESSIVE;
				CLANG_WARN_UNREACHABLE_CODE = YES;
				CLANG_WARN__DUPLICATE_METHOD_MATCH = YES;
				CODE_SIGN_IDENTITY = "-";
				COPY_PHASE_STRIP = NO;
				DEBUG_INFORMATION_FORMAT = "dwarf-with-dsym";
				ENABLE_NS_ASSERTIONS = NO;
				ENABLE_STRICT_OBJC_MSGSEND = YES;
				GCC_C_LANGUAGE_STANDARD = gnu11;
				GCC_NO_COMMON_BLOCKS = YES;
				GCC_WARN_64_TO_32_BIT_CONVERSION = YES;
				GCC_WARN_ABOUT_RETURN_TYPE = YES_ERROR;
				GCC_WARN_UNDECLARED_SELECTOR = YES;
				GCC_WARN_UNINITIALIZED_AUTOS = YES_AGGRESSIVE;
				GCC_WARN_UNUSED_FUNCTION = YES;
				GCC_WARN_UNUSED_VARIABLE = YES;
				MACOSX_DEPLOYMENT_TARGET = 10.13;
				MTL_ENABLE_DEBUG_INFO = NO;
				SDKROOT = macosx;
				SWIFT_COMPILATION_MODE = wholemodule;
				SWIFT_OPTIMIZATION_LEVEL = "-O";
			};
			name = Release;
		};
		376BC4EB2108618A00AF8E20 /* Debug */ = {
			isa = XCBuildConfiguration;
			buildSettings = {
				CODE_SIGN_STYLE = Automatic;
				PRODUCT_NAME = "$(TARGET_NAME)";
				SWIFT_VERSION = 4.0;
			};
			name = Debug;
		};
		376BC4EC2108618A00AF8E20 /* Release */ = {
			isa = XCBuildConfiguration;
			buildSettings = {
				CODE_SIGN_STYLE = Automatic;
				PRODUCT_NAME = "$(TARGET_NAME)";
				SWIFT_VERSION = 4.0;
			};
			name = Release;
		};
		377CA1C22111BF3F009ACA64 /* Debug */ = {
			isa = XCBuildConfiguration;
			buildSettings = {
				CODE_SIGN_STYLE = Automatic;
				PRODUCT_NAME = "$(TARGET_NAME)";
				SWIFT_VERSION = 4.0;
			};
			name = Debug;
		};
		377CA1C32111BF3F009ACA64 /* Release */ = {
			isa = XCBuildConfiguration;
			buildSettings = {
				CODE_SIGN_STYLE = Automatic;
				PRODUCT_NAME = "$(TARGET_NAME)";
				SWIFT_VERSION = 4.0;
			};
			name = Release;
		};
/* End XCBuildConfiguration section */

/* Begin XCConfigurationList section */
		37271A3B2121F7B0006FDB5F /* Build configuration list for PBXNativeTarget "Being2" */ = {
			isa = XCConfigurationList;
			buildConfigurations = (
				37271A3C2121F7B0006FDB5F /* Debug */,
				37271A3D2121F7B0006FDB5F /* Release */,
			);
			defaultConfigurationIsVisible = 0;
			defaultConfigurationName = Release;
		};
		3730ABE8212C925600423E5B /* Build configuration list for PBXNativeTarget "WarOfBeing" */ = {
			isa = XCConfigurationList;
			buildConfigurations = (
				3730ABE6212C925600423E5B /* Debug */,
				3730ABE7212C925600423E5B /* Release */,
			);
			defaultConfigurationIsVisible = 0;
			defaultConfigurationName = Release;
		};
		374A17482112FF6400934C45 /* Build configuration list for PBXNativeTarget "Being" */ = {
			isa = XCConfigurationList;
			buildConfigurations = (
				374A17462112FF6400934C45 /* Debug */,
				374A17472112FF6400934C45 /* Release */,
			);
			defaultConfigurationIsVisible = 0;
			defaultConfigurationName = Release;
		};
		376BC4D32108606700AF8E20 /* Build configuration list for PBXProject "SwiftLabs" */ = {
			isa = XCConfigurationList;
			buildConfigurations = (
				376BC4DD2108606700AF8E20 /* Debug */,
				376BC4DE2108606700AF8E20 /* Release */,
			);
			defaultConfigurationIsVisible = 0;
			defaultConfigurationName = Release;
		};
		376BC4EA2108618A00AF8E20 /* Build configuration list for PBXNativeTarget "FizzBuzz" */ = {
			isa = XCConfigurationList;
			buildConfigurations = (
				376BC4EB2108618A00AF8E20 /* Debug */,
				376BC4EC2108618A00AF8E20 /* Release */,
			);
			defaultConfigurationIsVisible = 0;
			defaultConfigurationName = Release;
		};
		377CA1C42111BF3F009ACA64 /* Build configuration list for PBXNativeTarget "BitNumbers" */ = {
			isa = XCConfigurationList;
			buildConfigurations = (
				377CA1C22111BF3F009ACA64 /* Debug */,
				377CA1C32111BF3F009ACA64 /* Release */,
			);
			defaultConfigurationIsVisible = 0;
			defaultConfigurationName = Release;
		};
/* End XCConfigurationList section */
	};
	rootObject = 376BC4D02108606700AF8E20 /* Project object */;
}
